
Microsoft Visual Studio Solution File, Format Version 12.00
# Visual Studio Version 17
VisualStudioVersion = 17.0.31903.59
MinimumVisualStudioVersion = 10.0.40219.1
Project("{FAE04EC0-301F-11D3-BF4B-00C04F79EFBC}") = "PMS.API", "PMS.API\PMS.API.csproj", "{B361230F-69F9-429C-803A-9434ABF06F63}"
EndProject
Project("{FAE04EC0-301F-11D3-BF4B-00C04F79EFBC}") = "PMS.Application", "PMS.Application\PMS.Application.csproj", "{C5E2595B-8836-4308-B8CE-AAE24FC694B1}"
EndProject
Project("{FAE04EC0-301F-11D3-BF4B-00C04F79EFBC}") = "PMS.Domain", "PMS.Domain\PMS.Domain.csproj", "{A3AF9CEA-6C03-4756-8A51-B268B0B1E9FB}"
EndProject
Project("{FAE04EC0-301F-11D3-BF4B-00C04F79EFBC}") = "PMS.Persistence", "PMS.Persistence\PMS.Persistence.csproj", "{BCFCAA63-9CD2-4856-8B87-73EFF3307A94}"
EndProject
Project("{FAE04EC0-301F-11D3-BF4B-00C04F79EFBC}") = "PMS.Tests", "PMS.Tests\PMS.Tests.csproj", "{2517745D-A810-4213-B2FE-C30A09CE058D}"
EndProject
Global
	GlobalSection(SolutionConfigurationPlatforms) = preSolution
		Debug|Any CPU = Debug|Any CPU
		Debug|x64 = Debug|x64
		Debug|x86 = Debug|x86
		Release|Any CPU = Release|Any CPU
		Release|x64 = Release|x64
		Release|x86 = Release|x86
	EndGlobalSection
	GlobalSection(ProjectConfigurationPlatforms) = postSolution
		{B361230F-69F9-429C-803A-9434ABF06F63}.Debug|Any CPU.ActiveCfg = Debug|Any CPU
		{B361230F-69F9-429C-803A-9434ABF06F63}.Debug|Any CPU.Build.0 = Debug|Any CPU
		{B361230F-69F9-429C-803A-9434ABF06F63}.Debug|x64.ActiveCfg = Debug|Any CPU
		{B361230F-69F9-429C-803A-9434ABF06F63}.Debug|x64.Build.0 = Debug|Any CPU
		{B361230F-69F9-429C-803A-9434ABF06F63}.Debug|x86.ActiveCfg = Debug|Any CPU
		{B361230F-69F9-429C-803A-9434ABF06F63}.Debug|x86.Build.0 = Debug|Any CPU
		{B361230F-69F9-429C-803A-9434ABF06F63}.Release|Any CPU.ActiveCfg = Release|Any CPU
		{B361230F-69F9-429C-803A-9434ABF06F63}.Release|Any CPU.Build.0 = Release|Any CPU
		{B361230F-69F9-429C-803A-9434ABF06F63}.Release|x64.ActiveCfg = Release|Any CPU
		{B361230F-69F9-429C-803A-9434ABF06F63}.Release|x64.Build.0 = Release|Any CPU
		{B361230F-69F9-429C-803A-9434ABF06F63}.Release|x86.ActiveCfg = Release|Any CPU
		{B361230F-69F9-429C-803A-9434ABF06F63}.Release|x86.Build.0 = Release|Any CPU
		{C5E2595B-8836-4308-B8CE-AAE24FC694B1}.Debug|Any CPU.ActiveCfg = Debug|Any CPU
		{C5E2595B-8836-4308-B8CE-AAE24FC694B1}.Debug|Any CPU.Build.0 = Debug|Any CPU
		{C5E2595B-8836-4308-B8CE-AAE24FC694B1}.Debug|x64.ActiveCfg = Debug|Any CPU
		{C5E2595B-8836-4308-B8CE-AAE24FC694B1}.Debug|x64.Build.0 = Debug|Any CPU
		{C5E2595B-8836-4308-B8CE-AAE24FC694B1}.Debug|x86.ActiveCfg = Debug|Any CPU
		{C5E2595B-8836-4308-B8CE-AAE24FC694B1}.Debug|x86.Build.0 = Debug|Any CPU
		{C5E2595B-8836-4308-B8CE-AAE24FC694B1}.Release|Any CPU.ActiveCfg = Release|Any CPU
		{C5E2595B-8836-4308-B8CE-AAE24FC694B1}.Release|Any CPU.Build.0 = Release|Any CPU
		{C5E2595B-8836-4308-B8CE-AAE24FC694B1}.Release|x64.ActiveCfg = Release|Any CPU
		{C5E2595B-8836-4308-B8CE-AAE24FC694B1}.Release|x64.Build.0 = Release|Any CPU
		{C5E2595B-8836-4308-B8CE-AAE24FC694B1}.Release|x86.ActiveCfg = Release|Any CPU
		{C5E2595B-8836-4308-B8CE-AAE24FC694B1}.Release|x86.Build.0 = Release|Any CPU
		{A3AF9CEA-6C03-4756-8A51-B268B0B1E9FB}.Debug|Any CPU.ActiveCfg = Debug|Any CPU
		{A3AF9CEA-6C03-4756-8A51-B268B0B1E9FB}.Debug|Any CPU.Build.0 = Debug|Any CPU
		{A3AF9CEA-6C03-4756-8A51-B268B0B1E9FB}.Debug|x64.ActiveCfg = Debug|Any CPU
		{A3AF9CEA-6C03-4756-8A51-B268B0B1E9FB}.Debug|x64.Build.0 = Debug|Any CPU
		{A3AF9CEA-6C03-4756-8A51-B268B0B1E9FB}.Debug|x86.ActiveCfg = Debug|Any CPU
		{A3AF9CEA-6C03-4756-8A51-B268B0B1E9FB}.Debug|x86.Build.0 = Debug|Any CPU
		{A3AF9CEA-6C03-4756-8A51-B268B0B1E9FB}.Release|Any CPU.ActiveCfg = Release|Any CPU
		{A3AF9CEA-6C03-4756-8A51-B268B0B1E9FB}.Release|Any CPU.Build.0 = Release|Any CPU
		{A3AF9CEA-6C03-4756-8A51-B268B0B1E9FB}.Release|x64.ActiveCfg = Release|Any CPU
		{A3AF9CEA-6C03-4756-8A51-B268B0B1E9FB}.Release|x64.Build.0 = Release|Any CPU
		{A3AF9CEA-6C03-4756-8A51-B268B0B1E9FB}.Release|x86.ActiveCfg = Release|Any CPU
		{A3AF9CEA-6C03-4756-8A51-B268B0B1E9FB}.Release|x86.Build.0 = Release|Any CPU
		{BCFCAA63-9CD2-4856-8B87-73EFF3307A94}.Debug|Any CPU.ActiveCfg = Debug|Any CPU
		{BCFCAA63-9CD2-4856-8B87-73EFF3307A94}.Debug|Any CPU.Build.0 = Debug|Any CPU
		{BCFCAA63-9CD2-4856-8B87-73EFF3307A94}.Debug|x64.ActiveCfg = Debug|Any CPU
		{BCFCAA63-9CD2-4856-8B87-73EFF3307A94}.Debug|x64.Build.0 = Debug|Any CPU
		{BCFCAA63-9CD2-4856-8B87-73EFF3307A94}.Debug|x86.ActiveCfg = Debug|Any CPU
		{BCFCAA63-9CD2-4856-8B87-73EFF3307A94}.Debug|x86.Build.0 = Debug|Any CPU
		{BCFCAA63-9CD2-4856-8B87-73EFF3307A94}.Release|Any CPU.ActiveCfg = Release|Any CPU
		{BCFCAA63-9CD2-4856-8B87-73EFF3307A94}.Release|Any CPU.Build.0 = Release|Any CPU
		{BCFCAA63-9CD2-4856-8B87-73EFF3307A94}.Release|x64.ActiveCfg = Release|Any CPU
		{BCFCAA63-9CD2-4856-8B87-73EFF3307A94}.Release|x64.Build.0 = Release|Any CPU
		{BCFCAA63-9CD2-4856-8B87-73EFF3307A94}.Release|x86.ActiveCfg = Release|Any CPU
		{BCFCAA63-9CD2-4856-8B87-73EFF3307A94}.Release|x86.Build.0 = Release|Any CPU
		{2517745D-A810-4213-B2FE-C30A09CE058D}.Debug|Any CPU.ActiveCfg = Debug|Any CPU
		{2517745D-A810-4213-B2FE-C30A09CE058D}.Debug|Any CPU.Build.0 = Debug|Any CPU
		{2517745D-A810-4213-B2FE-C30A09CE058D}.Debug|x64.ActiveCfg = Debug|Any CPU
		{2517745D-A810-4213-B2FE-C30A09CE058D}.Debug|x64.Build.0 = Debug|Any CPU
		{2517745D-A810-4213-B2FE-C30A09CE058D}.Debug|x86.ActiveCfg = Debug|Any CPU
		{2517745D-A810-4213-B2FE-C30A09CE058D}.Debug|x86.Build.0 = Debug|Any CPU
		{2517745D-A810-4213-B2FE-C30A09CE058D}.Release|Any CPU.ActiveCfg = Release|Any CPU
		{2517745D-A810-4213-B2FE-C30A09CE058D}.Release|Any CPU.Build.0 = Release|Any CPU
		{2517745D-A810-4213-B2FE-C30A09CE058D}.Release|x64.ActiveCfg = Release|Any CPU
		{2517745D-A810-4213-B2FE-C30A09CE058D}.Release|x64.Build.0 = Release|Any CPU
		{2517745D-A810-4213-B2FE-C30A09CE058D}.Release|x86.ActiveCfg = Release|Any CPU
		{2517745D-A810-4213-B2FE-C30A09CE058D}.Release|x86.Build.0 = Release|Any CPU
	EndGlobalSection
	GlobalSection(SolutionProperties) = preSolution
		HideSolutionNode = FALSE
	EndGlobalSection
EndGlobal
